// !$*UTF8*$!
{
	archiveVersion = 1;
	classes = {
	};
	objectVersion = 56;
	objects = {

/* Begin PBXBuildFile section */
		10000001 /* Lab599Utility.m in Sources */ = {isa = PBXBuildFile; fileRef = 20000001 /* Lab599Utility.m */; };
		10000002 /* Lab599FirmwareCatalog.m in Sources */ = {isa = PBXBuildFile; fileRef = 20000002 /* Lab599FirmwareCatalog.m */; };
		10000003 /* TX500Transfer.m in Sources */ = {isa = PBXBuildFile; fileRef = 20000003 /* TX500Transfer.m */; };
		10000004 /* AppIcon.icns in Resources */ = {isa = PBXBuildFile; fileRef = 20000004 /* AppIcon.icns */; };
		10000005 /* Cocoa.framework in Frameworks */ = {isa = PBXBuildFile; fileRef = 20000005 /* Cocoa.framework */; };
		10000006 /* UniformTypeIdentifiers.framework in Frameworks */ = {isa = PBXBuildFile; fileRef = 20000006 /* UniformTypeIdentifiers.framework */; };
		10000007 /* TX500TimeSync.m in Sources */ = {isa = PBXBuildFile; fileRef = 20000007 /* TX500TimeSync.m */; };
		10000008 /* tx500_radio.png in Resources */ = {isa = PBXBuildFile; fileRef = 20000008 /* tx500_radio.png */; };
		1000000A /* tx500_mp.png in Resources */ = {isa = PBXBuildFile; fileRef = 2000000A /* tx500_mp.png */; };
		1000000B /* tx500_pro.png in Resources */ = {isa = PBXBuildFile; fileRef = 2000000B /* tx500_pro.png */; };
		1000000C /* tx500_pro_altai.png in Resources */ = {isa = PBXBuildFile; fileRef = 2000000C /* tx500_pro_altai.png */; };
		10000009 /* ftdi in Resources */ = {isa = PBXBuildFile; fileRef = 20000009 /* ftdi */; };
		10000030 /* Lab599SerialPort.m in Sources */ = {isa = PBXBuildFile; fileRef = 20000030 /* Lab599SerialPort.m */; };
		10000031 /* TX500CATTest.m in Sources */ = {isa = PBXBuildFile; fileRef = 20000031 /* TX500CATTest.m */; };
		10000032 /* TX500Configuration.m in Sources */ = {isa = PBXBuildFile; fileRef = 20000032 /* TX500Configuration.m */; };
		10000033 /* Lab599ToolsController.m in Sources */ = {isa = PBXBuildFile; fileRef = 20000033 /* Lab599ToolsController.m */; };
		10000034 /* Lab599DriverController.m in Sources */ = {isa = PBXBuildFile; fileRef = 20000034 /* Lab599DriverController.m */; };
		10000035 /* Lab599DocsController.m in Sources */ = {isa = PBXBuildFile; fileRef = 20000035 /* Lab599DocsController.m */; };
		10000036 /* TX500ProfilesAndBackup.m in Sources */ = {isa = PBXBuildFile; fileRef = 20000036 /* TX500ProfilesAndBackup.m */; };
		10000037 /* TXGaugeView.m in Sources */ = {isa = PBXBuildFile; fileRef = 20000037 /* TXGaugeView.m */; };
		10000038 /* TX500TelemetryEngine.m in Sources */ = {isa = PBXBuildFile; fileRef = 20000038 /* TX500TelemetryEngine.m */; };
		10000039 /* Lab599TelemetryController.m in Sources */ = {isa = PBXBuildFile; fileRef = 20000039 /* Lab599TelemetryController.m */; };
		1000003A /* Lab599FeedbackController.m in Sources */ = {isa = PBXBuildFile; fileRef = 2000003A /* Lab599FeedbackController.m */; };
		1000003B /* TX500ScreenModel.m in Sources */ = {isa = PBXBuildFile; fileRef = 2000003B /* TX500ScreenModel.m */; };
		1000003C /* TX500ScreenRenderer.m in Sources */ = {isa = PBXBuildFile; fileRef = 2000003C /* TX500ScreenRenderer.m */; };
		1000003D /* TX500ScreenCaptureController.m in Sources */ = {isa = PBXBuildFile; fileRef = 2000003D /* TX500ScreenCaptureController.m */; };
		1000003E /* TX500SettingsModel.m in Sources */ = {isa = PBXBuildFile; fileRef = 2000003E /* TX500SettingsModel.m */; };
		1000000D /* AVFoundation.framework in Frameworks */ = {isa = PBXBuildFile; fileRef = 2000000D /* AVFoundation.framework */; };
		1000000E /* CoreAudio.framework in Frameworks */ = {isa = PBXBuildFile; fileRef = 2000000E /* CoreAudio.framework */; };
		1000000F /* AudioToolbox.framework in Frameworks */ = {isa = PBXBuildFile; fileRef = 2000000F /* AudioToolbox.framework */; };
		10000050 /* TX500AudioEngine.m in Sources */ = {isa = PBXBuildFile; fileRef = 20000050 /* TX500AudioEngine.m */; };
		10000051 /* TX500AudioVisualizerView.m in Sources */ = {isa = PBXBuildFile; fileRef = 20000051 /* TX500AudioVisualizerView.m */; };
		10000052 /* TX500AudioMonitorController.m in Sources */ = {isa = PBXBuildFile; fileRef = 20000052 /* TX500AudioMonitorController.m */; };
		10000053 /* TX500CWAudioDecoder.m in Sources */ = {isa = PBXBuildFile; fileRef = 20000053 /* TX500CWAudioDecoder.m */; };
		10000054 /* TX500CWKeyer.m in Sources */ = {isa = PBXBuildFile; fileRef = 20000054 /* TX500CWKeyer.m */; };
		10000055 /* TX500CWQSOAssistant.m in Sources */ = {isa = PBXBuildFile; fileRef = 20000055 /* TX500CWQSOAssistant.m */; };
		10000056 /* TX500CWSpectrumView.m in Sources */ = {isa = PBXBuildFile; fileRef = 20000056 /* TX500CWSpectrumView.m */; };
		10000057 /* TX500CWStationController.m in Sources */ = {isa = PBXBuildFile; fileRef = 20000057 /* TX500CWStationController.m */; };
		10000058 /* TX500FT8Message.m in Sources */ = {isa = PBXBuildFile; fileRef = 20000058 /* TX500FT8Message.m */; };
		10000059 /* TX500FT8AudioEngine.m in Sources */ = {isa = PBXBuildFile; fileRef = 20000059 /* TX500FT8AudioEngine.m */; };
		1000005A /* TX500FT8AutoEngine.m in Sources */ = {isa = PBXBuildFile; fileRef = 2000005A /* TX500FT8AutoEngine.m */; };
		1000005B /* TX500FT8WaterfallView.m in Sources */ = {isa = PBXBuildFile; fileRef = 2000005B /* TX500FT8WaterfallView.m */; };
		1000005C /* TX500FT8StationController.m in Sources */ = {isa = PBXBuildFile; fileRef = 2000005C /* TX500FT8StationController.m */; };
		1000005D /* constants.c in Sources */ = {isa = PBXBuildFile; fileRef = 2000005D /* constants.c */; };
		1000005E /* crc.c in Sources */ = {isa = PBXBuildFile; fileRef = 2000005E /* crc.c */; };
		1000005F /* encode.c in Sources */ = {isa = PBXBuildFile; fileRef = 2000005F /* encode.c */; };
		10000060 /* decode.c in Sources */ = {isa = PBXBuildFile; fileRef = 20000060 /* decode.c */; };
		10000061 /* ldpc.c in Sources */ = {isa = PBXBuildFile; fileRef = 20000061 /* ldpc.c */; };
		10000062 /* message.c in Sources */ = {isa = PBXBuildFile; fileRef = 20000062 /* message.c */; };
		10000063 /* text.c in Sources */ = {isa = PBXBuildFile; fileRef = 20000063 /* text.c */; };
		10000064 /* kiss_fft.c in Sources */ = {isa = PBXBuildFile; fileRef = 20000064 /* kiss_fft.c */; };
		10000065 /* kiss_fftr.c in Sources */ = {isa = PBXBuildFile; fileRef = 20000065 /* kiss_fftr.c */; };
		10000066 /* wave.c in Sources */ = {isa = PBXBuildFile; fileRef = 20000066 /* wave.c */; };
		10000067 /* monitor.c in Sources */ = {isa = PBXBuildFile; fileRef = 20000067 /* monitor.c */; };
		10000068 /* tx500_ft8_shim.c in Sources */ = {isa = PBXBuildFile; fileRef = 20000068 /* tx500_ft8_shim.c */; };
		10000010 /* libsqlite3.tbd in Frameworks */ = {isa = PBXBuildFile; fileRef = 20000010 /* libsqlite3.tbd */; };
		10000069 /* TX500LogbookManager.m in Sources */ = {isa = PBXBuildFile; fileRef = 20000069 /* TX500LogbookManager.m */; };
		1000006A /* TX500CallsignLookupService.m in Sources */ = {isa = PBXBuildFile; fileRef = 2000006A /* TX500CallsignLookupService.m */; };
		1000006B /* TX500CloudSyncEngine.m in Sources */ = {isa = PBXBuildFile; fileRef = 2000006B /* TX500CloudSyncEngine.m */; };
		1000006C /* TX500LogbookController.m in Sources */ = {isa = PBXBuildFile; fileRef = 2000006C /* TX500LogbookController.m */; };
		1000006D /* TX500TimeDiscipline.m in Sources */ = {isa = PBXBuildFile; fileRef = 2000006D /* TX500TimeDiscipline.m */; };
		1000006E /* TX500WebAuthenticatorController.m in Sources */ = {isa = PBXBuildFile; fileRef = 2000006E /* TX500WebAuthenticatorController.m */; };
		1000006F /* TX500CloudSettingsController.m in Sources */ = {isa = PBXBuildFile; fileRef = 2000006F /* TX500CloudSettingsController.m */; };
		100000A0 /* WebKit.framework in Frameworks */ = {isa = PBXBuildFile; fileRef = 200000A0 /* WebKit.framework */; };
		100000A1 /* Security.framework in Frameworks */ = {isa = PBXBuildFile; fileRef = 200000A1 /* Security.framework */; };
/* End PBXBuildFile section */

/* Begin PBXFileReference section */
		00000001 /* Lab599 Utility.app */ = {isa = PBXFileReference; explicitFileType = wrapper.application; includeInIndex = 0; path = "Lab599 Utility.app"; sourceTree = BUILT_PRODUCTS_DIR; };
		20000001 /* Lab599Utility.m */ = {isa = PBXFileReference; lastKnownFileType = sourcecode.c.objc; path = Lab599Utility.m; sourceTree = "<group>"; };
		20000002 /* Lab599FirmwareCatalog.m */ = {isa = PBXFileReference; lastKnownFileType = sourcecode.c.objc; path = Lab599FirmwareCatalog.m; sourceTree = "<group>"; };
		20000003 /* TX500Transfer.m */ = {isa = PBXFileReference; lastKnownFileType = sourcecode.c.objc; path = TX500Transfer.m; sourceTree = "<group>"; };
		20000004 /* AppIcon.icns */ = {isa = PBXFileReference; lastKnownFileType = image.icns; path = AppIcon.icns; sourceTree = "<group>"; };
		20000005 /* Cocoa.framework */ = {isa = PBXFileReference; lastKnownFileType = wrapper.framework; name = Cocoa.framework; path = System/Library/Frameworks/Cocoa.framework; sourceTree = SDKROOT; };
		20000006 /* UniformTypeIdentifiers.framework */ = {isa = PBXFileReference; lastKnownFileType = wrapper.framework; name = UniformTypeIdentifiers.framework; path = System/Library/Frameworks/UniformTypeIdentifiers.framework; sourceTree = SDKROOT; };
		20000007 /* TX500TimeSync.m */ = {isa = PBXFileReference; lastKnownFileType = sourcecode.c.objc; path = TX500TimeSync.m; sourceTree = "<group>"; };
		20000008 /* tx500_radio.png */ = {isa = PBXFileReference; lastKnownFileType = image.png; path = tx500_radio.png; sourceTree = "<group>"; };
		2000000A /* tx500_mp.png */ = {isa = PBXFileReference; lastKnownFileType = image.png; path = tx500_mp.png; sourceTree = "<group>"; };
		2000000B /* tx500_pro.png */ = {isa = PBXFileReference; lastKnownFileType = image.png; path = tx500_pro.png; sourceTree = "<group>"; };
		2000000C /* tx500_pro_altai.png */ = {isa = PBXFileReference; lastKnownFileType = image.png; path = tx500_pro_altai.png; sourceTree = "<group>"; };
		20000009 /* ftdi */ = {isa = PBXFileReference; lastKnownFileType = folder; path = ftdi; sourceTree = "<group>"; };
		20000011 /* Lab599FirmwareCatalog.h */ = {isa = PBXFileReference; lastKnownFileType = sourcecode.c.h; path = Lab599FirmwareCatalog.h; sourceTree = "<group>"; };
		20000012 /* TX500Transfer.h */ = {isa = PBXFileReference; lastKnownFileType = sourcecode.c.h; path = TX500Transfer.h; sourceTree = "<group>"; };
		20000013 /* TX500TimeSync.h */ = {isa = PBXFileReference; lastKnownFileType = sourcecode.c.h; path = TX500TimeSync.h; sourceTree = "<group>"; };
		20000020 /* Info.plist */ = {isa = PBXFileReference; lastKnownFileType = text.plist.xml; path = Info.plist; sourceTree = "<group>"; };
		20000030 /* Lab599SerialPort.m */ = {isa = PBXFileReference; lastKnownFileType = sourcecode.c.objc; path = Lab599SerialPort.m; sourceTree = "<group>"; };
		20000031 /* TX500CATTest.m */ = {isa = PBXFileReference; lastKnownFileType = sourcecode.c.objc; path = TX500CATTest.m; sourceTree = "<group>"; };
		20000032 /* TX500Configuration.m */ = {isa = PBXFileReference; lastKnownFileType = sourcecode.c.objc; path = TX500Configuration.m; sourceTree = "<group>"; };
		20000033 /* Lab599ToolsController.m */ = {isa = PBXFileReference; lastKnownFileType = sourcecode.c.objc; path = Lab599ToolsController.m; sourceTree = "<group>"; };
		20000034 /* Lab599DriverController.m */ = {isa = PBXFileReference; lastKnownFileType = sourcecode.c.objc; path = Lab599DriverController.m; sourceTree = "<group>"; };
		20000035 /* Lab599DocsController.m */ = {isa = PBXFileReference; lastKnownFileType = sourcecode.c.objc; path = Lab599DocsController.m; sourceTree = "<group>"; };
		20000036 /* TX500ProfilesAndBackup.m */ = {isa = PBXFileReference; lastKnownFileType = sourcecode.c.objc; path = TX500ProfilesAndBackup.m; sourceTree = "<group>"; };
		20000037 /* TXGaugeView.m */ = {isa = PBXFileReference; lastKnownFileType = sourcecode.c.objc; path = TXGaugeView.m; sourceTree = "<group>"; };
		20000038 /* TX500TelemetryEngine.m */ = {isa = PBXFileReference; lastKnownFileType = sourcecode.c.objc; path = TX500TelemetryEngine.m; sourceTree = "<group>"; };
		20000039 /* Lab599TelemetryController.m */ = {isa = PBXFileReference; lastKnownFileType = sourcecode.c.objc; path = Lab599TelemetryController.m; sourceTree = "<group>"; };
		2000003A /* Lab599FeedbackController.m */ = {isa = PBXFileReference; lastKnownFileType = sourcecode.c.objc; path = Lab599FeedbackController.m; sourceTree = "<group>"; };
		2000003B /* TX500ScreenModel.m */ = {isa = PBXFileReference; lastKnownFileType = sourcecode.c.objc; path = TX500ScreenModel.m; sourceTree = "<group>"; };
		2000003C /* TX500ScreenRenderer.m */ = {isa = PBXFileReference; lastKnownFileType = sourcecode.c.objc; path = TX500ScreenRenderer.m; sourceTree = "<group>"; };
		2000003D /* TX500ScreenCaptureController.m */ = {isa = PBXFileReference; lastKnownFileType = sourcecode.c.objc; path = TX500ScreenCaptureController.m; sourceTree = "<group>"; };
		2000003E /* TX500SettingsModel.m */ = {isa = PBXFileReference; lastKnownFileType = sourcecode.c.objc; path = TX500SettingsModel.m; sourceTree = "<group>"; };
		20000040 /* Lab599SerialPort.h */ = {isa = PBXFileReference; lastKnownFileType = sourcecode.c.h; path = Lab599SerialPort.h; sourceTree = "<group>"; };
		20000041 /* TX500CATTest.h */ = {isa = PBXFileReference; lastKnownFileType = sourcecode.c.h; path = TX500CATTest.h; sourceTree = "<group>"; };
		20000042 /* TX500Configuration.h */ = {isa = PBXFileReference; lastKnownFileType = sourcecode.c.h; path = TX500Configuration.h; sourceTree = "<group>"; };
		20000043 /* Lab599ToolsController.h */ = {isa = PBXFileReference; lastKnownFileType = sourcecode.c.h; path = Lab599ToolsController.h; sourceTree = "<group>"; };
		20000044 /* Lab599DriverController.h */ = {isa = PBXFileReference; lastKnownFileType = sourcecode.c.h; path = Lab599DriverController.h; sourceTree = "<group>"; };
		20000045 /* Lab599DocsController.h */ = {isa = PBXFileReference; lastKnownFileType = sourcecode.c.h; path = Lab599DocsController.h; sourceTree = "<group>"; };
		20000046 /* TX500ProfilesAndBackup.h */ = {isa = PBXFileReference; lastKnownFileType = sourcecode.c.h; path = TX500ProfilesAndBackup.h; sourceTree = "<group>"; };
		20000047 /* TXGaugeView.h */ = {isa = PBXFileReference; lastKnownFileType = sourcecode.c.h; path = TXGaugeView.h; sourceTree = "<group>"; };
		20000048 /* TX500TelemetryEngine.h */ = {isa = PBXFileReference; lastKnownFileType = sourcecode.c.h; path = TX500TelemetryEngine.h; sourceTree = "<group>"; };
		20000049 /* Lab599TelemetryController.h */ = {isa = PBXFileReference; lastKnownFileType = sourcecode.c.h; path = Lab599TelemetryController.h; sourceTree = "<group>"; };
		2000004A /* Lab599FeedbackController.h */ = {isa = PBXFileReference; lastKnownFileType = sourcecode.c.h; path = Lab599FeedbackController.h; sourceTree = "<group>"; };
		2000004B /* TX500ScreenModel.h */ = {isa = PBXFileReference; lastKnownFileType = sourcecode.c.h; path = TX500ScreenModel.h; sourceTree = "<group>"; };
		2000004C /* TX500ScreenRenderer.h */ = {isa = PBXFileReference; lastKnownFileType = sourcecode.c.h; path = TX500ScreenRenderer.h; sourceTree = "<group>"; };
		2000004D /* TX500ScreenCaptureController.h */ = {isa = PBXFileReference; lastKnownFileType = sourcecode.c.h; path = TX500ScreenCaptureController.h; sourceTree = "<group>"; };
		2000004E /* TX500SettingsModel.h */ = {isa = PBXFileReference; lastKnownFileType = sourcecode.c.h; path = TX500SettingsModel.h; sourceTree = "<group>"; };
		2000000D /* AVFoundation.framework */ = {isa = PBXFileReference; lastKnownFileType = wrapper.framework; name = AVFoundation.framework; path = System/Library/Frameworks/AVFoundation.framework; sourceTree = SDKROOT; };
		2000000E /* CoreAudio.framework */ = {isa = PBXFileReference; lastKnownFileType = wrapper.framework; name = CoreAudio.framework; path = System/Library/Frameworks/CoreAudio.framework; sourceTree = SDKROOT; };
		2000000F /* AudioToolbox.framework */ = {isa = PBXFileReference; lastKnownFileType = wrapper.framework; name = AudioToolbox.framework; path = System/Library/Frameworks/AudioToolbox.framework; sourceTree = SDKROOT; };
		20000050 /* TX500AudioEngine.m */ = {isa = PBXFileReference; lastKnownFileType = sourcecode.c.objc; path = "TX500AudioEngine.m"; sourceTree = "<group>"; };
		20000051 /* TX500AudioVisualizerView.m */ = {isa = PBXFileReference; lastKnownFileType = sourcecode.c.objc; path = "TX500AudioVisualizerView.m"; sourceTree = "<group>"; };
		20000052 /* TX500AudioMonitorController.m */ = {isa = PBXFileReference; lastKnownFileType = sourcecode.c.objc; path = "TX500AudioMonitorController.m"; sourceTree = "<group>"; };
		20000053 /* TX500CWAudioDecoder.m */ = {isa = PBXFileReference; lastKnownFileType = sourcecode.c.objc; path = "TX500CWAudioDecoder.m"; sourceTree = "<group>"; };
		20000054 /* TX500CWKeyer.m */ = {isa = PBXFileReference; lastKnownFileType = sourcecode.c.objc; path = "TX500CWKeyer.m"; sourceTree = "<group>"; };
		20000055 /* TX500CWQSOAssistant.m */ = {isa = PBXFileReference; lastKnownFileType = sourcecode.c.objc; path = "TX500CWQSOAssistant.m"; sourceTree = "<group>"; };
		20000056 /* TX500CWSpectrumView.m */ = {isa = PBXFileReference; lastKnownFileType = sourcecode.c.objc; path = "TX500CWSpectrumView.m"; sourceTree = "<group>"; };
		20000057 /* TX500CWStationController.m */ = {isa = PBXFileReference; lastKnownFileType = sourcecode.c.objc; path = "TX500CWStationController.m"; sourceTree = "<group>"; };
		20000058 /* TX500FT8Message.m */ = {isa = PBXFileReference; lastKnownFileType = sourcecode.c.objc; path = "TX500FT8Message.m"; sourceTree = "<group>"; };
		20000059 /* TX500FT8AudioEngine.m */ = {isa = PBXFileReference; lastKnownFileType = sourcecode.c.objc; path = "TX500FT8AudioEngine.m"; sourceTree = "<group>"; };
		2000005A /* TX500FT8AutoEngine.m */ = {isa = PBXFileReference; lastKnownFileType = sourcecode.c.objc; path = "TX500FT8AutoEngine.m"; sourceTree = "<group>"; };
		2000005B /* TX500FT8WaterfallView.m */ = {isa = PBXFileReference; lastKnownFileType = sourcecode.c.objc; path = "TX500FT8WaterfallView.m"; sourceTree = "<group>"; };
		2000005C /* TX500FT8StationController.m */ = {isa = PBXFileReference; lastKnownFileType = sourcecode.c.objc; path = "TX500FT8StationController.m"; sourceTree = "<group>"; };
		2000005D /* constants.c */ = {isa = PBXFileReference; lastKnownFileType = sourcecode.c.c; path = "cft8/ft8/constants.c"; sourceTree = "<group>"; };
		2000005E /* crc.c */ = {isa = PBXFileReference; lastKnownFileType = sourcecode.c.c; path = "cft8/ft8/crc.c"; sourceTree = "<group>"; };
		2000005F /* encode.c */ = {isa = PBXFileReference; lastKnownFileType = sourcecode.c.c; path = "cft8/ft8/encode.c"; sourceTree = "<group>"; };
		20000060 /* decode.c */ = {isa = PBXFileReference; lastKnownFileType = sourcecode.c.c; path = "cft8/ft8/decode.c"; sourceTree = "<group>"; };
		20000061 /* ldpc.c */ = {isa = PBXFileReference; lastKnownFileType = sourcecode.c.c; path = "cft8/ft8/ldpc.c"; sourceTree = "<group>"; };
		20000062 /* message.c */ = {isa = PBXFileReference; lastKnownFileType = sourcecode.c.c; path = "cft8/ft8/message.c"; sourceTree = "<group>"; };
		20000063 /* text.c */ = {isa = PBXFileReference; lastKnownFileType = sourcecode.c.c; path = "cft8/ft8/text.c"; sourceTree = "<group>"; };
		20000064 /* kiss_fft.c */ = {isa = PBXFileReference; lastKnownFileType = sourcecode.c.c; path = "cft8/fft/kiss_fft.c"; sourceTree = "<group>"; };
		20000065 /* kiss_fftr.c */ = {isa = PBXFileReference; lastKnownFileType = sourcecode.c.c; path = "cft8/fft/kiss_fftr.c"; sourceTree = "<group>"; };
		20000066 /* wave.c */ = {isa = PBXFileReference; lastKnownFileType = sourcecode.c.c; path = "cft8/common/wave.c"; sourceTree = "<group>"; };
		20000067 /* monitor.c */ = {isa = PBXFileReference; lastKnownFileType = sourcecode.c.c; path = "cft8/common/monitor.c"; sourceTree = "<group>"; };
		20000068 /* tx500_ft8_shim.c */ = {isa = PBXFileReference; lastKnownFileType = sourcecode.c.c; path = "cft8/shim/tx500_ft8_shim.c"; sourceTree = "<group>"; };
		20000080 /* TX500AudioEngine.h */ = {isa = PBXFileReference; lastKnownFileType = sourcecode.c.h; path = "TX500AudioEngine.h"; sourceTree = "<group>"; };
		20000081 /* TX500AudioVisualizerView.h */ = {isa = PBXFileReference; lastKnownFileType = sourcecode.c.h; path = "TX500AudioVisualizerView.h"; sourceTree = "<group>"; };
		20000082 /* TX500AudioMonitorController.h */ = {isa = PBXFileReference; lastKnownFileType = sourcecode.c.h; path = "TX500AudioMonitorController.h"; sourceTree = "<group>"; };
		20000083 /* TX500CWAudioDecoder.h */ = {isa = PBXFileReference; lastKnownFileType = sourcecode.c.h; path = "TX500CWAudioDecoder.h"; sourceTree = "<group>"; };
		20000084 /* TX500CWKeyer.h */ = {isa = PBXFileReference; lastKnownFileType = sourcecode.c.h; path = "TX500CWKeyer.h"; sourceTree = "<group>"; };
		20000085 /* TX500CWQSOAssistant.h */ = {isa = PBXFileReference; lastKnownFileType = sourcecode.c.h; path = "TX500CWQSOAssistant.h"; sourceTree = "<group>"; };
		20000086 /* TX500CWSpectrumView.h */ = {isa = PBXFileReference; lastKnownFileType = sourcecode.c.h; path = "TX500CWSpectrumView.h"; sourceTree = "<group>"; };
		20000087 /* TX500CWStationController.h */ = {isa = PBXFileReference; lastKnownFileType = sourcecode.c.h; path = "TX500CWStationController.h"; sourceTree = "<group>"; };
		20000088 /* TX500FT8Message.h */ = {isa = PBXFileReference; lastKnownFileType = sourcecode.c.h; path = "TX500FT8Message.h"; sourceTree = "<group>"; };
		20000089 /* TX500FT8AudioEngine.h */ = {isa = PBXFileReference; lastKnownFileType = sourcecode.c.h; path = "TX500FT8AudioEngine.h"; sourceTree = "<group>"; };
		2000008A /* TX500FT8AutoEngine.h */ = {isa = PBXFileReference; lastKnownFileType = sourcecode.c.h; path = "TX500FT8AutoEngine.h"; sourceTree = "<group>"; };
		2000008B /* TX500FT8WaterfallView.h */ = {isa = PBXFileReference; lastKnownFileType = sourcecode.c.h; path = "TX500FT8WaterfallView.h"; sourceTree = "<group>"; };
		2000008C /* TX500FT8StationController.h */ = {isa = PBXFileReference; lastKnownFileType = sourcecode.c.h; path = "TX500FT8StationController.h"; sourceTree = "<group>"; };
		2000008D /* tx500_ft8_shim.h */ = {isa = PBXFileReference; lastKnownFileType = sourcecode.c.h; path = "cft8/tx500_ft8_shim.h"; sourceTree = "<group>"; };
		20000010 /* libsqlite3.tbd */ = {isa = PBXFileReference; lastKnownFileType = "sourcecode.text-based-dylib-definition"; name = libsqlite3.tbd; path = usr/lib/libsqlite3.tbd; sourceTree = SDKROOT; };
		20000069 /* TX500LogbookManager.m */ = {isa = PBXFileReference; lastKnownFileType = sourcecode.c.objc; path = "TX500LogbookManager.m"; sourceTree = "<group>"; };
		2000006A /* TX500CallsignLookupService.m */ = {isa = PBXFileReference; lastKnownFileType = sourcecode.c.objc; path = "TX500CallsignLookupService.m"; sourceTree = "<group>"; };
		2000006B /* TX500CloudSyncEngine.m */ = {isa = PBXFileReference; lastKnownFileType = sourcecode.c.objc; path = "TX500CloudSyncEngine.m"; sourceTree = "<group>"; };
		2000006C /* TX500LogbookController.m */ = {isa = PBXFileReference; lastKnownFileType = sourcecode.c.objc; path = "TX500LogbookController.m"; sourceTree = "<group>"; };
		2000006D /* TX500TimeDiscipline.m */ = {isa = PBXFileReference; lastKnownFileType = sourcecode.c.objc; path = "TX500TimeDiscipline.m"; sourceTree = "<group>"; };
		20000092 /* TX500TimeDiscipline.h */ = {isa = PBXFileReference; lastKnownFileType = sourcecode.c.h; path = "TX500TimeDiscipline.h"; sourceTree = "<group>"; };
		2000006E /* TX500WebAuthenticatorController.m */ = {isa = PBXFileReference; lastKnownFileType = sourcecode.c.objc; path = "TX500WebAuthenticatorController.m"; sourceTree = "<group>"; };
		2000006F /* TX500CloudSettingsController.m */ = {isa = PBXFileReference; lastKnownFileType = sourcecode.c.objc; path = "TX500CloudSettingsController.m"; sourceTree = "<group>"; };
		20000093 /* TX500WebAuthenticatorController.h */ = {isa = PBXFileReference; lastKnownFileType = sourcecode.c.h; path = "TX500WebAuthenticatorController.h"; sourceTree = "<group>"; };
		20000094 /* TX500CloudSettingsController.h */ = {isa = PBXFileReference; lastKnownFileType = sourcecode.c.h; path = "TX500CloudSettingsController.h"; sourceTree = "<group>"; };
		200000A0 /* WebKit.framework */ = {isa = PBXFileReference; lastKnownFileType = wrapper.framework; name = WebKit.framework; path = System/Library/Frameworks/WebKit.framework; sourceTree = SDKROOT; };
		200000A1 /* Security.framework */ = {isa = PBXFileReference; lastKnownFileType = wrapper.framework; name = Security.framework; path = System/Library/Frameworks/Security.framework; sourceTree = SDKROOT; };
		2000008E /* TX500LogbookManager.h */ = {isa = PBXFileReference; lastKnownFileType = sourcecode.c.h; path = "TX500LogbookManager.h"; sourceTree = "<group>"; };
		2000008F /* TX500CallsignLookupService.h */ = {isa = PBXFileReference; lastKnownFileType = sourcecode.c.h; path = "TX500CallsignLookupService.h"; sourceTree = "<group>"; };
		20000090 /* TX500CloudSyncEngine.h */ = {isa = PBXFileReference; lastKnownFileType = sourcecode.c.h; path = "TX500CloudSyncEngine.h"; sourceTree = "<group>"; };
		20000091 /* TX500LogbookController.h */ = {isa = PBXFileReference; lastKnownFileType = sourcecode.c.h; path = "TX500LogbookController.h"; sourceTree = "<group>"; };
/* End PBXFileReference section */

/* Begin PBXFrameworksBuildPhase section */
		30000001 /* Frameworks */ = {
			isa = PBXFrameworksBuildPhase;
			buildActionMask = 2147483647;
			files = (
				10000005 /* Cocoa.framework in Frameworks */,
				10000006 /* UniformTypeIdentifiers.framework in Frameworks */,
				1000000D /* AVFoundation.framework in Frameworks */,
				1000000E /* CoreAudio.framework in Frameworks */,
				1000000F /* AudioToolbox.framework in Frameworks */,
				10000010 /* libsqlite3.tbd in Frameworks */,
				100000A0 /* WebKit.framework in Frameworks */,
				100000A1 /* Security.framework in Frameworks */,
			);
			runOnlyForDeploymentPostprocessing = 0;
		};
/* End PBXFrameworksBuildPhase section */

/* Begin PBXGroup section */
		40000001 = {
			isa = PBXGroup;
			children = (
				40000002 /* Sources */,
				40000003 /* Headers */,
				40000004 /* Resources */,
				40000005 /* Frameworks */,
				40000006 /* Products */,
			);
			sourceTree = "<group>";
		};
		40000002 /* Sources */ = {
			isa = PBXGroup;
			children = (
				20000001 /* Lab599Utility.m */,
				20000002 /* Lab599FirmwareCatalog.m */,
				20000003 /* TX500Transfer.m */,
				20000007 /* TX500TimeSync.m */,
				20000030 /* Lab599SerialPort.m */,
				20000031 /* TX500CATTest.m */,
				20000032 /* TX500Configuration.m */,
				20000036 /* TX500ProfilesAndBackup.m */,
				20000033 /* Lab599ToolsController.m */,
				20000034 /* Lab599DriverController.m */,
				20000035 /* Lab599DocsController.m */,
				20000037 /* TXGaugeView.m */,
				20000038 /* TX500TelemetryEngine.m */,
				20000039 /* Lab599TelemetryController.m */,
				2000003A /* Lab599FeedbackController.m */,
				2000003B /* TX500ScreenModel.m */,
				2000003C /* TX500ScreenRenderer.m */,
				2000003D /* TX500ScreenCaptureController.m */,
				2000003E /* TX500SettingsModel.m */,
				20000050 /* TX500AudioEngine.m */,
				20000051 /* TX500AudioVisualizerView.m */,
				20000052 /* TX500AudioMonitorController.m */,
				20000053 /* TX500CWAudioDecoder.m */,
				20000054 /* TX500CWKeyer.m */,
				20000055 /* TX500CWQSOAssistant.m */,
				20000056 /* TX500CWSpectrumView.m */,
				20000057 /* TX500CWStationController.m */,
				20000058 /* TX500FT8Message.m */,
				20000059 /* TX500FT8AudioEngine.m */,
				2000005A /* TX500FT8AutoEngine.m */,
				2000005B /* TX500FT8WaterfallView.m */,
				2000005C /* TX500FT8StationController.m */,
				2000005D /* constants.c */,
				2000005E /* crc.c */,
				2000005F /* encode.c */,
				20000060 /* decode.c */,
				20000061 /* ldpc.c */,
				20000062 /* message.c */,
				20000063 /* text.c */,
				20000064 /* kiss_fft.c */,
				20000065 /* kiss_fftr.c */,
				20000066 /* wave.c */,
				20000067 /* monitor.c */,
				20000068 /* tx500_ft8_shim.c */,
				20000069 /* TX500LogbookManager.m */,
				2000006A /* TX500CallsignLookupService.m */,
				2000006B /* TX500CloudSyncEngine.m */,
				2000006C /* TX500LogbookController.m */,
				2000006D /* TX500TimeDiscipline.m */,
				2000006E /* TX500WebAuthenticatorController.m */,
				2000006F /* TX500CloudSettingsController.m */,
			);
			path = Sources;
			sourceTree = "<group>";
		};
		40000003 /* Headers */ = {
			isa = PBXGroup;
			children = (
				20000011 /* Lab599FirmwareCatalog.h */,
				20000012 /* TX500Transfer.h */,
				20000013 /* TX500TimeSync.h */,
				20000040 /* Lab599SerialPort.h */,
				20000041 /* TX500CATTest.h */,
				20000042 /* TX500Configuration.h */,
				20000046 /* TX500ProfilesAndBackup.h */,
				20000043 /* Lab599ToolsController.h */,
				20000044 /* Lab599DriverController.h */,
				20000045 /* Lab599DocsController.h */,
				20000047 /* TXGaugeView.h */,
				20000048 /* TX500TelemetryEngine.h */,
				20000049 /* Lab599TelemetryController.h */,
				2000004A /* Lab599FeedbackController.h */,
				2000004B /* TX500ScreenModel.h */,
				2000004C /* TX500ScreenRenderer.h */,
				2000004D /* TX500ScreenCaptureController.h */,
				2000004E /* TX500SettingsModel.h */,
				20000080 /* TX500AudioEngine.h */,
				20000081 /* TX500AudioVisualizerView.h */,
				20000082 /* TX500AudioMonitorController.h */,
				20000083 /* TX500CWAudioDecoder.h */,
				20000084 /* TX500CWKeyer.h */,
				20000085 /* TX500CWQSOAssistant.h */,
				20000086 /* TX500CWSpectrumView.h */,
				20000087 /* TX500CWStationController.h */,
				20000088 /* TX500FT8Message.h */,
				20000089 /* TX500FT8AudioEngine.h */,
				2000008A /* TX500FT8AutoEngine.h */,
				2000008B /* TX500FT8WaterfallView.h */,
				2000008C /* TX500FT8StationController.h */,
				2000008D /* tx500_ft8_shim.h */,
				2000008E /* TX500LogbookManager.h */,
				2000008F /* TX500CallsignLookupService.h */,
				20000090 /* TX500CloudSyncEngine.h */,
				20000091 /* TX500LogbookController.h */,
				20000092 /* TX500TimeDiscipline.h */,
				20000093 /* TX500WebAuthenticatorController.h */,
				20000094 /* TX500CloudSettingsController.h */,
			);
			path = Headers;
			sourceTree = "<group>";
		};
		40000004 /* Resources */ = {
			isa = PBXGroup;
			children = (
				20000004 /* AppIcon.icns */,
				20000008 /* tx500_radio.png */,
				2000000A /* tx500_mp.png */,
				2000000B /* tx500_pro.png */,
				2000000C /* tx500_pro_altai.png */,
				20000009 /* ftdi */,
				20000020 /* Info.plist */,
			);
			path = Resources;
			sourceTree = "<group>";
		};
		40000005 /* Frameworks */ = {
			isa = PBXGroup;
			children = (
				20000005 /* Cocoa.framework */,
				20000006 /* UniformTypeIdentifiers.framework */,
				2000000D /* AVFoundation.framework */,
				2000000E /* CoreAudio.framework */,
				2000000F /* AudioToolbox.framework */,
				20000010 /* libsqlite3.tbd */,
				200000A0 /* WebKit.framework */,
				200000A1 /* Security.framework */,
			);
			name = Frameworks;
			sourceTree = "<group>";
		};
		40000006 /* Products */ = {
			isa = PBXGroup;
			children = (
				00000001 /* Lab599 Utility.app */,
			);
			name = Products;
			sourceTree = "<group>";
		};
/* End PBXGroup section */

/* Begin PBXNativeTarget section */
		50000001 /* Lab599 Utility */ = {
			isa = PBXNativeTarget;
			buildConfigurationList = 60000002 /* Build configuration list for PBXNativeTarget "Lab599 Utility" */;
			buildPhases = (
				30000002 /* Sources */,
				30000001 /* Frameworks */,
				30000003 /* Resources */,
			);
			buildRules = (
			);
			dependencies = (
			);
			name = "Lab599 Utility";
			productName = "Lab599 Utility";
			productReference = 00000001 /* Lab599 Utility.app */;
			productType = "com.apple.product-type.application";
		};
/* End PBXNativeTarget section */

/* Begin PBXProject section */
		60000001 /* Project object */ = {
			isa = PBXProject;
			attributes = {
				BuildIndependentTargetsInParallel = 1;
				LastUpgradeCheck = 2700;
				TargetAttributes = {
					50000001 = {
						CreatedOnToolsVersion = 15.0;
					};
				};
			};
			buildConfigurationList = 60000003 /* Build configuration list for PBXProject "Lab599-Utility" */;
			compatibilityVersion = "Xcode 14.0";
			developmentRegion = en;
			hasScannedForEncodings = 0;
			knownRegions = (
				en,
				Base,
			);
			mainGroup = 40000001;
			productRefGroup = 40000006 /* Products */;
			projectDirPath = "";
			projectRoot = "";
			targets = (
				50000001 /* Lab599 Utility */,
			);
		};
/* End PBXProject section */

/* Begin PBXResourcesBuildPhase section */
		30000003 /* Resources */ = {
			isa = PBXResourcesBuildPhase;
			buildActionMask = 2147483647;
			files = (
				10000004 /* AppIcon.icns in Resources */,
				10000008 /* tx500_radio.png in Resources */,
				1000000A /* tx500_mp.png in Resources */,
				1000000B /* tx500_pro.png in Resources */,
				1000000C /* tx500_pro_altai.png in Resources */,
				10000009 /* ftdi in Resources */,
			);
			runOnlyForDeploymentPostprocessing = 0;
		};
/* End PBXResourcesBuildPhase section */

/* Begin PBXSourcesBuildPhase section */
		30000002 /* Sources */ = {
			isa = PBXSourcesBuildPhase;
			buildActionMask = 2147483647;
			files = (
				10000001 /* Lab599Utility.m in Sources */,
				10000002 /* Lab599FirmwareCatalog.m in Sources */,
				10000003 /* TX500Transfer.m in Sources */,
				10000007 /* TX500TimeSync.m in Sources */,
				10000030 /* Lab599SerialPort.m in Sources */,
				10000031 /* TX500CATTest.m in Sources */,
				10000032 /* TX500Configuration.m in Sources */,
				10000036 /* TX500ProfilesAndBackup.m in Sources */,
				10000033 /* Lab599ToolsController.m in Sources */,
				10000034 /* Lab599DriverController.m in Sources */,
				10000035 /* Lab599DocsController.m in Sources */,
				10000037 /* TXGaugeView.m in Sources */,
				10000038 /* TX500TelemetryEngine.m in Sources */,
				10000039 /* Lab599TelemetryController.m in Sources */,
				1000003A /* Lab599FeedbackController.m in Sources */,
				1000003B /* TX500ScreenModel.m in Sources */,
				1000003C /* TX500ScreenRenderer.m in Sources */,
				1000003D /* TX500ScreenCaptureController.m in Sources */,
				1000003E /* TX500SettingsModel.m in Sources */,
				10000050 /* TX500AudioEngine.m in Sources */,
				10000051 /* TX500AudioVisualizerView.m in Sources */,
				10000052 /* TX500AudioMonitorController.m in Sources */,
				10000053 /* TX500CWAudioDecoder.m in Sources */,
				10000054 /* TX500CWKeyer.m in Sources */,
				10000055 /* TX500CWQSOAssistant.m in Sources */,
				10000056 /* TX500CWSpectrumView.m in Sources */,
				10000057 /* TX500CWStationController.m in Sources */,
				10000058 /* TX500FT8Message.m in Sources */,
				10000059 /* TX500FT8AudioEngine.m in Sources */,
				1000005A /* TX500FT8AutoEngine.m in Sources */,
				1000005B /* TX500FT8WaterfallView.m in Sources */,
				1000005C /* TX500FT8StationController.m in Sources */,
				1000005D /* constants.c in Sources */,
				1000005E /* crc.c in Sources */,
				1000005F /* encode.c in Sources */,
				10000060 /* decode.c in Sources */,
				10000061 /* ldpc.c in Sources */,
				10000062 /* message.c in Sources */,
				10000063 /* text.c in Sources */,
				10000064 /* kiss_fft.c in Sources */,
				10000065 /* kiss_fftr.c in Sources */,
				10000066 /* wave.c in Sources */,
				10000067 /* monitor.c in Sources */,
				10000068 /* tx500_ft8_shim.c in Sources */,
				10000069 /* TX500LogbookManager.m in Sources */,
				1000006A /* TX500CallsignLookupService.m in Sources */,
				1000006B /* TX500CloudSyncEngine.m in Sources */,
				1000006C /* TX500LogbookController.m in Sources */,
				1000006D /* TX500TimeDiscipline.m in Sources */,
				1000006E /* TX500WebAuthenticatorController.m in Sources */,
				1000006F /* TX500CloudSettingsController.m in Sources */,
			);
			runOnlyForDeploymentPostprocessing = 0;
		};
/* End PBXSourcesBuildPhase section */

/* Begin XCBuildConfiguration section */
		70000001 /* Debug */ = {
			isa = XCBuildConfiguration;
			buildSettings = {
				ALWAYS_SEARCH_USER_PATHS = NO;
				ARCHS = "$(ARCHS_STANDARD)";
				CLANG_ANALYZER_NONNULL = YES;
				CLANG_ANALYZER_NUMBER_OBJECT_CONVERSION = YES_AGGRESSIVE;
				CLANG_CXX_LANGUAGE_STANDARD = "gnu++20";
				CLANG_ENABLE_MODULES = YES;
				CLANG_ENABLE_OBJC_ARC = YES;
				CLANG_ENABLE_OBJC_WEAK = YES;
				CLANG_WARN_BLOCK_CAPTURE_AUTORELEASING = YES;
				CLANG_WARN_BOOL_CONVERSION = YES;
				CLANG_WARN_COMMA = YES;
				CLANG_WARN_CONSTANT_CONVERSION = YES;
				CLANG_WARN_DEPRECATED_OBJC_IMPLEMENTATIONS = YES;
				CLANG_WARN_DIRECT_OBJC_ISA_USAGE = YES_ERROR;
				CLANG_WARN_DOCUMENTATION_COMMENTS = YES;
				CLANG_WARN_EMPTY_BODY = YES;
				CLANG_WARN_ENUM_CONVERSION = YES;
				CLANG_WARN_INFINITE_RECURSION = YES;
				CLANG_WARN_INT_CONVERSION = YES;
				CLANG_WARN_NON_LITERAL_NULL_CONVERSION = YES;
				CLANG_WARN_OBJC_IMPLICIT_RETAIN_SELF = YES;
				CLANG_WARN_OBJC_LITERAL_CONVERSION = YES;
				CLANG_WARN_OBJC_ROOT_CLASS = YES_ERROR;
				CLANG_WARN_QUOTED_INCLUDE_IN_FRAMEWORK_HEADER = YES;
				CLANG_WARN_RANGE_LOOP_ANALYSIS = YES;
				CLANG_WARN_STRICT_PROTOTYPES = YES;
				CLANG_WARN_SUSPICIOUS_MOVE = YES;
				CLANG_WARN_UNGUARDED_AVAILABILITY = YES_AGGRESSIVE;
				CLANG_WARN_UNREACHABLE_CODE = YES;
				CLANG_WARN__DUPLICATE_METHOD_MATCH = YES;
				COPY_PHASE_STRIP = NO;
				DEAD_CODE_STRIPPING = YES;
				DEBUG_INFORMATION_FORMAT = dwarf;
				ENABLE_STRICT_OBJC_MSGSEND = YES;
				ENABLE_TESTABILITY = YES;
				ENABLE_USER_SCRIPT_SANDBOXING = YES;
				GCC_C_LANGUAGE_STANDARD = gnu17;
				GCC_DYNAMIC_NO_PIC = NO;
				GCC_NO_COMMON_BLOCKS = YES;
				GCC_OPTIMIZATION_LEVEL = 0;
				GCC_PREPROCESSOR_DEFINITIONS = (
					"DEBUG=1",
					"$(inherited)",
				);
				GCC_WARN_64_TO_32_BIT_CONVERSION = YES;
				GCC_WARN_ABOUT_RETURN_TYPE = YES_ERROR;
				GCC_WARN_UNDECLARED_SELECTOR = YES;
				GCC_WARN_UNINITIALIZED_AUTOS = YES_AGGRESSIVE;
				GCC_WARN_UNUSED_FUNCTION = YES;
				GCC_WARN_UNUSED_VARIABLE = YES;
				HEADER_SEARCH_PATHS = (
					"$(inherited)",
					"$(SRCROOT)/Headers",
					"$(SRCROOT)/Headers/cft8",
					"$(SRCROOT)/Sources",
					"$(SRCROOT)/Sources/cft8",
				);
				MACOSX_DEPLOYMENT_TARGET = 12.0;
				MTL_ENABLE_DEBUG_INFO = INCLUDE_SOURCE;
				MTL_FAST_MATH = YES;
				ONLY_ACTIVE_ARCH = YES;
				SDKROOT = macosx;
				STRING_CATALOG_GENERATE_SYMBOLS = YES;
				SUPPORTED_PLATFORMS = macosx;
				USER_HEADER_SEARCH_PATHS = (
					"$(SRCROOT)/Headers",
					"$(SRCROOT)/Headers/cft8",
					"$(SRCROOT)/Sources",
					"$(SRCROOT)/Sources/cft8",
				);
			};
			name = Debug;
		};
		70000002 /* Release */ = {
			isa = XCBuildConfiguration;
			buildSettings = {
				ALWAYS_SEARCH_USER_PATHS = NO;
				ARCHS = "$(ARCHS_STANDARD)";
				CLANG_ANALYZER_NONNULL = YES;
				CLANG_ANALYZER_NUMBER_OBJECT_CONVERSION = YES_AGGRESSIVE;
				CLANG_CXX_LANGUAGE_STANDARD = "gnu++20";
				CLANG_ENABLE_MODULES = YES;
				CLANG_ENABLE_OBJC_ARC = YES;
				CLANG_ENABLE_OBJC_WEAK = YES;
				CLANG_WARN_BLOCK_CAPTURE_AUTORELEASING = YES;
				CLANG_WARN_BOOL_CONVERSION = YES;
				CLANG_WARN_COMMA = YES;
				CLANG_WARN_CONSTANT_CONVERSION = YES;
				CLANG_WARN_DEPRECATED_OBJC_IMPLEMENTATIONS = YES;
				CLANG_WARN_DIRECT_OBJC_ISA_USAGE = YES_ERROR;
				CLANG_WARN_DOCUMENTATION_COMMENTS = YES;
				CLANG_WARN_EMPTY_BODY = YES;
				CLANG_WARN_ENUM_CONVERSION = YES;
				CLANG_WARN_INFINITE_RECURSION = YES;
				CLANG_WARN_INT_CONVERSION = YES;
				CLANG_WARN_NON_LITERAL_NULL_CONVERSION = YES;
				CLANG_WARN_OBJC_IMPLICIT_RETAIN_SELF = YES;
				CLANG_WARN_OBJC_LITERAL_CONVERSION = YES;
				CLANG_WARN_OBJC_ROOT_CLASS = YES_ERROR;
				CLANG_WARN_QUOTED_INCLUDE_IN_FRAMEWORK_HEADER = YES;
				CLANG_WARN_RANGE_LOOP_ANALYSIS = YES;
				CLANG_WARN_STRICT_PROTOTYPES = YES;
				CLANG_WARN_SUSPICIOUS_MOVE = YES;
				CLANG_WARN_UNGUARDED_AVAILABILITY = YES_AGGRESSIVE;
				CLANG_WARN_UNREACHABLE_CODE = YES;
				CLANG_WARN__DUPLICATE_METHOD_MATCH = YES;
				COPY_PHASE_STRIP = NO;
				DEAD_CODE_STRIPPING = YES;
				DEBUG_INFORMATION_FORMAT = "dwarf-with-dsym";
				ENABLE_NS_ASSERTIONS = NO;
				ENABLE_STRICT_OBJC_MSGSEND = YES;
				ENABLE_USER_SCRIPT_SANDBOXING = YES;
				GCC_C_LANGUAGE_STANDARD = gnu17;
				GCC_NO_COMMON_BLOCKS = YES;
				GCC_WARN_64_TO_32_BIT_CONVERSION = YES;
				GCC_WARN_ABOUT_RETURN_TYPE = YES_ERROR;
				GCC_WARN_UNDECLARED_SELECTOR = YES;
				GCC_WARN_UNINITIALIZED_AUTOS = YES_AGGRESSIVE;
				GCC_WARN_UNUSED_FUNCTION = YES;
				GCC_WARN_UNUSED_VARIABLE = YES;
				HEADER_SEARCH_PATHS = (
					"$(inherited)",
					"$(SRCROOT)/Headers",
					"$(SRCROOT)/Headers/cft8",
					"$(SRCROOT)/Sources",
					"$(SRCROOT)/Sources/cft8",
				);
				MACOSX_DEPLOYMENT_TARGET = 12.0;
				MTL_ENABLE_DEBUG_INFO = NO;
				MTL_FAST_MATH = YES;
				SDKROOT = macosx;
				STRING_CATALOG_GENERATE_SYMBOLS = YES;
				SUPPORTED_PLATFORMS = macosx;
				USER_HEADER_SEARCH_PATHS = (
					"$(SRCROOT)/Headers",
					"$(SRCROOT)/Headers/cft8",
					"$(SRCROOT)/Sources",
					"$(SRCROOT)/Sources/cft8",
				);
			};
			name = Release;
		};
		70000003 /* Debug */ = {
			isa = XCBuildConfiguration;
			buildSettings = {
				ASSETCATALOG_COMPILER_APPICON_NAME = AppIcon;
				CODE_SIGN_IDENTITY = "-";
				CODE_SIGN_STYLE = Automatic;
				COMBINE_HIDPI_IMAGES = YES;
				CURRENT_PROJECT_VERSION = 179;
				DEAD_CODE_STRIPPING = YES;
				INFOPLIST_FILE = Resources/Info.plist;
				INFOPLIST_KEY_CFBundleDisplayName = "Lab599 Utility";
				LD_RUNPATH_SEARCH_PATHS = (
					"$(inherited)",
					"@executable_path/../Frameworks",
				);
				MACOSX_DEPLOYMENT_TARGET = 12.0;
				MARKETING_VERSION = 2.173;
				PRODUCT_BUNDLE_IDENTIFIER = local.lab599.utility;
				PRODUCT_NAME = "$(TARGET_NAME)";
			};
			name = Debug;
		};
		70000004 /* Release */ = {
			isa = XCBuildConfiguration;
			buildSettings = {
				ASSETCATALOG_COMPILER_APPICON_NAME = AppIcon;
				CODE_SIGN_IDENTITY = "-";
				CODE_SIGN_STYLE = Automatic;
				COMBINE_HIDPI_IMAGES = YES;
				CURRENT_PROJECT_VERSION = 179;
				DEAD_CODE_STRIPPING = YES;
				INFOPLIST_FILE = Resources/Info.plist;
				INFOPLIST_KEY_CFBundleDisplayName = "Lab599 Utility";
				LD_RUNPATH_SEARCH_PATHS = (
					"$(inherited)",
					"@executable_path/../Frameworks",
				);
				MACOSX_DEPLOYMENT_TARGET = 12.0;
				MARKETING_VERSION = 2.173;
				PRODUCT_BUNDLE_IDENTIFIER = local.lab599.utility;
				PRODUCT_NAME = "$(TARGET_NAME)";
			};
			name = Release;
		};
/* End XCBuildConfiguration section */

/* Begin XCConfigurationList section */
		60000002 /* Build configuration list for PBXNativeTarget "Lab599 Utility" */ = {
			isa = XCConfigurationList;
			buildConfigurations = (
				70000003 /* Debug */,
				70000004 /* Release */,
			);
			defaultConfigurationIsVisible = 0;
			defaultConfigurationName = Release;
		};
		60000003 /* Build configuration list for PBXProject "Lab599-Utility" */ = {
			isa = XCConfigurationList;
			buildConfigurations = (
				70000001 /* Debug */,
				70000002 /* Release */,
			);
			defaultConfigurationIsVisible = 0;
			defaultConfigurationName = Release;
		};
/* End XCConfigurationList section */
	};
	rootObject = 60000001 /* Project object */;
}
